
Microsoft Visual Studio Solution File, Format Version 12.00
# Visual Studio Version 16
VisualStudioVersion = 16.0.31515.178
MinimumVisualStudioVersion = 10.0.40219.1
Project("{FAE04EC0-301F-11D3-BF4B-00C04F79EFBC}") = "CSharp03", "CSharp03.csproj", "{81DF68BB-BD80-48EF-A76A-27D71180434F}"
EndProject
Global
	GlobalSection(SolutionConfigurationPlatforms) = preSolution
		Debug|Any CPU = Debug|Any CPU
		Release|Any CPU = Release|Any CPU
	EndGlobalSection
	GlobalSection(ProjectConfigurationPlatforms) = postSolution
		{81DF68BB-BD80-48EF-A76A-27D71180434F}.Debug|Any CPU.ActiveCfg = Debug|Any CPU
		{81DF68BB-BD80-48EF-A76A-27D71180434F}.Debug|Any CPU.Build.0 = Debug|Any CPU
		{81DF68BB-BD80-48EF-A76A-27D71180434F}.Release|Any CPU.ActiveCfg = Release|Any CPU
		{81DF68BB-BD80-48EF-A76A-27D71180434F}.Release|Any CPU.Build.0 = Release|Any CPU
	EndGlobalSection
	GlobalSection(SolutionProperties) = preSolution
		HideSolutionNode = FALSE
	EndGlobalSection
	GlobalSection(ExtensibilityGlobals) = postSolution
		SolutionGuid = {F7DA50CE-8F95-4154-97EC-099790EC9B17}
	EndGlobalSection
EndGlobal
